
Microsoft Visual Studio Solution File, Format Version 12.00
# Visual Studio Version 16
VisualStudioVersion = 16.0.30611.23
MinimumVisualStudioVersion = 10.0.40219.1
Project("{FAE04EC0-301F-11D3-BF4B-00C04F79EFBC}") = "Constantin_Mihai_lab2", "Constantin_Mihai_lab2.csproj", "{4CE18F21-F55A-4DF0-8734-9F5816C74DC0}"
EndProject
Global
	GlobalSection(SolutionConfigurationPlatforms) = preSolution
		Debug|Any CPU = Debug|Any CPU
		Release|Any CPU = Release|Any CPU
	EndGlobalSection
	GlobalSection(ProjectConfigurationPlatforms) = postSolution
		{4CE18F21-F55A-4DF0-8734-9F5816C74DC0}.Debug|Any CPU.ActiveCfg = Debug|Any CPU
		{4CE18F21-F55A-4DF0-8734-9F5816C74DC0}.Debug|Any CPU.Build.0 = Debug|Any CPU
		{4CE18F21-F55A-4DF0-8734-9F5816C74DC0}.Release|Any CPU.ActiveCfg = Release|Any CPU
		{4CE18F21-F55A-4DF0-8734-9F5816C74DC0}.Release|Any CPU.Build.0 = Release|Any CPU
	EndGlobalSection
	GlobalSection(SolutionProperties) = preSolution
		HideSolutionNode = FALSE
	EndGlobalSection
	GlobalSection(ExtensibilityGlobals) = postSolution
		SolutionGuid = {18825F28-059F-4D2C-9967-B25102BFB6BD}
	EndGlobalSection
EndGlobal
